
Microsoft Visual Studio Solution File, Format Version 12.00
# Visual Studio 15
VisualStudioVersion = 15.0.27004.2005
MinimumVisualStudioVersion = 10.0.40219.1
Project("{FAE04EC0-301F-11D3-BF4B-00C04F79EFBC}") = "JapanWordsQuiz", "JapanWordsQuiz\JapanWordsQuiz.csproj", "{38A59602-6F4E-4060-A74D-5D74115FCC26}"
EndProject
Global
	GlobalSection(SolutionConfigurationPlatforms) = preSolution
		Debug|Any CPU = Debug|Any CPU
		Release|Any CPU = Release|Any CPU
	EndGlobalSection
	GlobalSection(ProjectConfigurationPlatforms) = postSolution
		{38A59602-6F4E-4060-A74D-5D74115FCC26}.Debug|Any CPU.ActiveCfg = Debug|Any CPU
		{38A59602-6F4E-4060-A74D-5D74115FCC26}.Debug|Any CPU.Build.0 = Debug|Any CPU
		{38A59602-6F4E-4060-A74D-5D74115FCC26}.Release|Any CPU.ActiveCfg = Release|Any CPU
		{38A59602-6F4E-4060-A74D-5D74115FCC26}.Release|Any CPU.Build.0 = Release|Any CPU
	EndGlobalSection
	GlobalSection(SolutionProperties) = preSolution
		HideSolutionNode = FALSE
	EndGlobalSection
	GlobalSection(ExtensibilityGlobals) = postSolution
		SolutionGuid = {47772170-378B-4B08-B27E-CC4D2D035998}
	EndGlobalSection
EndGlobal
